
Microsoft Visual Studio Solution File, Format Version 12.00
# Visual Studio Version 16
VisualStudioVersion = 16.0.30002.166
MinimumVisualStudioVersion = 10.0.40219.1
Project("{FAE04EC0-301F-11D3-BF4B-00C04F79EFBC}") = "Programowanie zadania na zaliczenie", "Programowanie zadania na zaliczenie.csproj", "{942B65E5-6440-4CE8-8FFE-EC53947343B6}"
EndProject
Global
	GlobalSection(SolutionConfigurationPlatforms) = preSolution
		Debug|Any CPU = Debug|Any CPU
		Release|Any CPU = Release|Any CPU
	EndGlobalSection
	GlobalSection(ProjectConfigurationPlatforms) = postSolution
		{942B65E5-6440-4CE8-8FFE-EC53947343B6}.Debug|Any CPU.ActiveCfg = Debug|Any CPU
		{942B65E5-6440-4CE8-8FFE-EC53947343B6}.Debug|Any CPU.Build.0 = Debug|Any CPU
		{942B65E5-6440-4CE8-8FFE-EC53947343B6}.Release|Any CPU.ActiveCfg = Release|Any CPU
		{942B65E5-6440-4CE8-8FFE-EC53947343B6}.Release|Any CPU.Build.0 = Release|Any CPU
	EndGlobalSection
	GlobalSection(SolutionProperties) = preSolution
		HideSolutionNode = FALSE
	EndGlobalSection
	GlobalSection(ExtensibilityGlobals) = postSolution
		SolutionGuid = {5A92D1DE-55E5-4D01-868B-B900A98D8C93}
	EndGlobalSection
EndGlobal
